
Microsoft Visual Studio Solution File, Format Version 12.00
# Visual Studio Version 17
VisualStudioVersion = 17.9.34728.123
MinimumVisualStudioVersion = 10.0.40219.1
Project("{9A19103F-16F7-4668-BE54-9A1E7A4F7556}") = "JV Calculator", "JV Calculator.csproj", "{1BBE67E5-D629-45AE-B824-8A1A0114C115}"
EndProject
Project("{FAE04EC0-301F-11D3-BF4B-00C04F79EFBC}") = "JVCalculator.Tests", "..\JVCalculator.Tests\JVCalculator.Tests.csproj", "{7C1F114B-7C3F-4C05-A264-15A2143C72CF}"
EndProject
Global
	GlobalSection(SolutionConfigurationPlatforms) = preSolution
		Debug|Any CPU = Debug|Any CPU
		Release|Any CPU = Release|Any CPU
	EndGlobalSection
	GlobalSection(ProjectConfigurationPlatforms) = postSolution
		{1BBE67E5-D629-45AE-B824-8A1A0114C115}.Debug|Any CPU.ActiveCfg = Debug|Any CPU
		{1BBE67E5-D629-45AE-B824-8A1A0114C115}.Debug|Any CPU.Build.0 = Debug|Any CPU
		{1BBE67E5-D629-45AE-B824-8A1A0114C115}.Release|Any CPU.ActiveCfg = Release|Any CPU
		{1BBE67E5-D629-45AE-B824-8A1A0114C115}.Release|Any CPU.Build.0 = Release|Any CPU
		{7C1F114B-7C3F-4C05-A264-15A2143C72CF}.Debug|Any CPU.ActiveCfg = Debug|Any CPU
		{7C1F114B-7C3F-4C05-A264-15A2143C72CF}.Debug|Any CPU.Build.0 = Debug|Any CPU
		{7C1F114B-7C3F-4C05-A264-15A2143C72CF}.Release|Any CPU.ActiveCfg = Release|Any CPU
		{7C1F114B-7C3F-4C05-A264-15A2143C72CF}.Release|Any CPU.Build.0 = Release|Any CPU
	EndGlobalSection
	GlobalSection(SolutionProperties) = preSolution
		HideSolutionNode = FALSE
	EndGlobalSection
	GlobalSection(ExtensibilityGlobals) = postSolution
		SolutionGuid = {F55D75A1-B040-4B23-9C19-2F0A69E379BA}
	EndGlobalSection
EndGlobal
